# THIS IS AN AUTOGENERATED FILE. DO NOT EDIT THIS FILE DIRECTLY.
# yarn lockfile v1


"@mariannasowi/randomid-generator@^1.0.0":
  version "1.0.0"
  resolved "https://registry.yarnpkg.com/@mariannasowi/randomid-generator/-/randomid-generator-1.0.0.tgz#35b67a8af53ea439896462a383c5dd55295f01a8"
  integrity sha512-QkGd7Ze4ATk3NV0CY2k6EXhXWbM+zuC4JgHF7ZM2E0XtMdyDQSf35zGudKvF1SsqlG1foNUBHeBbTX9LTzQ/eg==
